{
    "name": "opennotes-extension",
    "version": "1.0.0",
    "lockfileVersion": 1,
    "requires": true,
    "dependencies": {
        "onnxruntime-common": {
            "version": "1.11.0",
            "resolved": "https://registry.npmjs.org/onnxruntime-common/-/onnxruntime-common-1.11.0.tgz",
            "integrity": "sha512-nXcGm2zutRfpIUDmESXZDWX07VFOZ+0KcDW/H86kMLv3o1RBcGFfPPOLSRP0ohoJtBQj3uV3dB/fQOqI6fqjiA=="
        },
        "onnxruntime-node": {
            "version": "1.11.0",
            "resolved": "https://registry.npmjs.org/onnxruntime-node/-/onnxruntime-node-1.11.0.tgz",
            "integrity": "sha512-IfjSuTZwFCy+CSCPp7SS8Du/A+SbJ7SUs7zQOQvt9y67gDwXJoySOVF7cmNU7WgGzU/a3ZfF84aUMwwKa2ijWQ==",
            "requires": {
                "onnxruntime-common": "~1.11.0"
            }
        }
    }
}
